
Microsoft Visual Studio Solution File, Format Version 12.00
# Visual Studio Version 16
VisualStudioVersion = 16.6.30114.105
MinimumVisualStudioVersion = 10.0.40219.1
Project("{FAE04EC0-301F-11D3-BF4B-00C04F79EFBC}") = "AccountLibrary", "AccountLibrary\AccountLibrary.csproj", "{1C703074-9472-4049-BFAA-3CE29909E29E}"
EndProject
Project("{FAE04EC0-301F-11D3-BF4B-00C04F79EFBC}") = "AccountLibraryTests", "AccountLibraryTests\AccountLibraryTests.csproj", "{D259A32F-28A0-4331-84EC-BF6C9E6C1E88}"
EndProject
Global
	GlobalSection(SolutionConfigurationPlatforms) = preSolution
		Debug|Any CPU = Debug|Any CPU
		Debug|x64 = Debug|x64
		Debug|x86 = Debug|x86
		Release|Any CPU = Release|Any CPU
		Release|x64 = Release|x64
		Release|x86 = Release|x86
	EndGlobalSection
	GlobalSection(SolutionProperties) = preSolution
		HideSolutionNode = FALSE
	EndGlobalSection
	GlobalSection(ProjectConfigurationPlatforms) = postSolution
		{1C703074-9472-4049-BFAA-3CE29909E29E}.Debug|Any CPU.ActiveCfg = Debug|Any CPU
		{1C703074-9472-4049-BFAA-3CE29909E29E}.Debug|Any CPU.Build.0 = Debug|Any CPU
		{1C703074-9472-4049-BFAA-3CE29909E29E}.Debug|x64.ActiveCfg = Debug|Any CPU
		{1C703074-9472-4049-BFAA-3CE29909E29E}.Debug|x64.Build.0 = Debug|Any CPU
		{1C703074-9472-4049-BFAA-3CE29909E29E}.Debug|x86.ActiveCfg = Debug|Any CPU
		{1C703074-9472-4049-BFAA-3CE29909E29E}.Debug|x86.Build.0 = Debug|Any CPU
		{1C703074-9472-4049-BFAA-3CE29909E29E}.Release|Any CPU.ActiveCfg = Release|Any CPU
		{1C703074-9472-4049-BFAA-3CE29909E29E}.Release|Any CPU.Build.0 = Release|Any CPU
		{1C703074-9472-4049-BFAA-3CE29909E29E}.Release|x64.ActiveCfg = Release|Any CPU
		{1C703074-9472-4049-BFAA-3CE29909E29E}.Release|x64.Build.0 = Release|Any CPU
		{1C703074-9472-4049-BFAA-3CE29909E29E}.Release|x86.ActiveCfg = Release|Any CPU
		{1C703074-9472-4049-BFAA-3CE29909E29E}.Release|x86.Build.0 = Release|Any CPU
		{D259A32F-28A0-4331-84EC-BF6C9E6C1E88}.Debug|Any CPU.ActiveCfg = Debug|Any CPU
		{D259A32F-28A0-4331-84EC-BF6C9E6C1E88}.Debug|Any CPU.Build.0 = Debug|Any CPU
		{D259A32F-28A0-4331-84EC-BF6C9E6C1E88}.Debug|x64.ActiveCfg = Debug|Any CPU
		{D259A32F-28A0-4331-84EC-BF6C9E6C1E88}.Debug|x64.Build.0 = Debug|Any CPU
		{D259A32F-28A0-4331-84EC-BF6C9E6C1E88}.Debug|x86.ActiveCfg = Debug|Any CPU
		{D259A32F-28A0-4331-84EC-BF6C9E6C1E88}.Debug|x86.Build.0 = Debug|Any CPU
		{D259A32F-28A0-4331-84EC-BF6C9E6C1E88}.Release|Any CPU.ActiveCfg = Release|Any CPU
		{D259A32F-28A0-4331-84EC-BF6C9E6C1E88}.Release|Any CPU.Build.0 = Release|Any CPU
		{D259A32F-28A0-4331-84EC-BF6C9E6C1E88}.Release|x64.ActiveCfg = Release|Any CPU
		{D259A32F-28A0-4331-84EC-BF6C9E6C1E88}.Release|x64.Build.0 = Release|Any CPU
		{D259A32F-28A0-4331-84EC-BF6C9E6C1E88}.Release|x86.ActiveCfg = Release|Any CPU
		{D259A32F-28A0-4331-84EC-BF6C9E6C1E88}.Release|x86.Build.0 = Release|Any CPU
	EndGlobalSection
EndGlobal
